<?xml version="1.0" encoding="utf-8"?>
<Project ToolsVersion="4.0" xmlns="http://schemas.microsoft.com/developer/msbuild/2003">
  <ItemGroup>
    <Filter Include="Source Files">
      <UniqueIdentifier>{4FC737F1-C7A5-4376-A066-2A32D752A2FF}</UniqueIdentifier>
      <Extensions>cpp;c;cc;cxx;c++;cppm;ixx;def;odl;idl;hpj;bat;asm;asmx</Extensions>
    </Filter>
    <Filter Include="Header Files">
      <UniqueIdentifier>{93995380-89BD-4b04-88EB-625FBE52EBFB}</UniqueIdentifier>
      <Extensions>h;hh;hpp;hxx;h++;hm;inl;inc;ipp;xsd</Extensions>
    </Filter>
    <Filter Include="Resource Files">
      <UniqueIdentifier>{67DA6AB6-F800-4c08-8B7A-83BB121AAD01}</UniqueIdentifier>
      <Extensions>rc;ico;cur;bmp;dlg;rc2;rct;bin;rgs;gif;jpg;jpeg;jpe;resx;tiff;tif;png;wav;mfcribbon-ms</Extensions>
    </Filter>
  </ItemGroup>
  <ItemGroup>
    <ClCompile Include="Application\main.cpp">
      <Filter>Source Files</Filter>
    </ClCompile>
    <ClCompile Include="Core\Data\Parsers\ConfigParser\configParser.cpp">
      <Filter>Source Files</Filter>
    </ClCompile>
    <ClCompile Include="Logger\logger.cpp">
      <Filter>Source Files</Filter>
    </ClCompile>
    <ClCompile Include="Tests\Tests\wrapperTest.cpp">
      <Filter>Source Files</Filter>
    </ClCompile>
    <ClCompile Include="Tests\testHandler.cpp">
      <Filter>Source Files</Filter>
    </ClCompile>
  </ItemGroup>
  <ItemGroup>
    <ClInclude Include="Core\Libs\cfg.h">
      <Filter>Header Files</Filter>
    </ClInclude>
    <ClInclude Include="Core\Logger\logger.h">
      <Filter>Header Files</Filter>
    </ClInclude>
    <ClInclude Include="Core\Presentation\presentation.h">
      <Filter>Header Files</Filter>
    </ClInclude>
    <ClInclude Include="Core\Data\Parsers\ConfigParser\configParser.h">
      <Filter>Header Files</Filter>
    </ClInclude>
    <ClInclude Include="Core\Domain\domain.h">
      <Filter>Header Files</Filter>
    </ClInclude>
    <ClInclude Include="Core\core.h">
      <Filter>Header Files</Filter>
    </ClInclude>
    <ClInclude Include="Logger\logger.h">
      <Filter>Header Files</Filter>
    </ClInclude>
    <ClInclude Include="Tests\testHandler.h">
      <Filter>Header Files</Filter>
    </ClInclude>
    <ClInclude Include="Utils\LoggerConfig\loggerConfig.h">
      <Filter>Header Files</Filter>
    </ClInclude>
    <ClInclude Include="Utils\LoggerConfig\loggerTypesEnum.h">
      <Filter>Header Files</Filter>
    </ClInclude>
    <ClInclude Include="Utils\consoleColorsEnum.h">
      <Filter>Header Files</Filter>
    </ClInclude>
    <ClInclude Include="Utils\dataConfig.h">
      <Filter>Header Files</Filter>
    </ClInclude>
    <ClInclude Include="Utils\domainConfig.h">
      <Filter>Header Files</Filter>
    </ClInclude>
    <ClInclude Include="Utils\mainConfig.h">
      <Filter>Header Files</Filter>
    </ClInclude>
    <ClInclude Include="Utils\testConfig.h">
      <Filter>Header Files</Filter>
    </ClInclude>
    <ClInclude Include="Core\Data\data.h">
      <Filter>Header Files</Filter>
    </ClInclude>
    <ClInclude Include="Core\Data\Parsers\parsers.h">
      <Filter>Header Files</Filter>
    </ClInclude>
    <ClInclude Include="Core\Domain\Entites\Wrapper\wrapper.h">
      <Filter>Header Files</Filter>
    </ClInclude>
    <ClInclude Include="Core\Domain\Entites\entites.h">
      <Filter>Header Files</Filter>
    </ClInclude>
    <ClInclude Include="Infrastructure\Config\consoleColorsEnum.h">
      <Filter>Header Files</Filter>
    </ClInclude>
    <ClInclude Include="Infrastructure\Config\dataConfig.h">
      <Filter>Header Files</Filter>
    </ClInclude>
    <ClInclude Include="Infrastructure\Config\domainConfig.h">
      <Filter>Header Files</Filter>
    </ClInclude>
    <ClInclude Include="Infrastructure\Config\mainConfig.h">
      <Filter>Header Files</Filter>
    </ClInclude>
    <ClInclude Include="Infrastructure\Config\testConfig.h">
      <Filter>Header Files</Filter>
    </ClInclude>
    <ClInclude Include="Infrastructure\Config\LoggerConfig\loggerConfig.h">
      <Filter>Header Files</Filter>
    </ClInclude>
    <ClInclude Include="Infrastructure\Config\LoggerConfig\loggerTypesEnum.h">
      <Filter>Header Files</Filter>
    </ClInclude>
  </ItemGroup>
  <ItemGroup>
    <None Include="Infrastructure\Config\config.ini" />
  </ItemGroup>
</Project>